{
  "name": "previm",
  "version": "1.0.0",
  "lockfileVersion": 3,
  "requires": true,
  "packages": {
    "": {
      "name": "previm",
      "version": "1.0.0",
      "license": "ISC",
      "devDependencies": {
        "markdown-it": "^14.1.1",
        "markdown-it-abbr": "^2.0.0",
        "markdown-it-checkbox": "^1.1.0",
        "markdown-it-cjk-breaks": "^2.0.0",
        "markdown-it-deflist": "^3.0.0",
        "markdown-it-footnote": "^4.0.0",
        "markdown-it-sub": "^2.0.0",
        "markdown-it-sup": "^2.0.0"
      }
    },
    "node_modules/argparse": {
      "version": "2.0.1",
      "resolved": "https://registry.npmjs.org/argparse/-/argparse-2.0.1.tgz",
      "integrity": "sha512-8+9WqebbFzpX9OR+Wa6O29asIogeRMzcGtAINdpMHHyAg10f05aSFVBbcEqGf/PXw1EjAZ+q2/bEBg3DvurK3Q==",
      "dev": true,
      "license": "Python-2.0"
    },
    "node_modules/entities": {
      "version": "4.5.0",
      "resolved": "https://registry.npmjs.org/entities/-/entities-4.5.0.tgz",
      "integrity": "sha512-V0hjH4dGPh9Ao5p0MoRY6BVqtwCjhz6vI5LT8AJ55H+4g9/4vbHx1I54fS0XuclLhDHArPQCiMjDxjaL8fPxhw==",
      "dev": true,
      "license": "BSD-2-Clause",
      "engines": {
        "node": ">=0.12"
      },
      "funding": {
        "url": "https://github.com/fb55/entities?sponsor=1"
      }
    },
    "node_modules/get-east-asian-width": {
      "version": "1.5.0",
      "resolved": "https://registry.npmjs.org/get-east-asian-width/-/get-east-asian-width-1.5.0.tgz",
      "integrity": "sha512-CQ+bEO+Tva/qlmw24dCejulK5pMzVnUOFOijVogd3KQs07HnRIgp8TGipvCCRT06xeYEbpbgwaCxglFyiuIcmA==",
      "dev": true,
      "license": "MIT",
      "engines": {
        "node": ">=18"
      },
      "funding": {
        "url": "https://github.com/sponsors/sindresorhus"
      }
    },
    "node_modules/linkify-it": {
      "version": "5.0.0",
      "resolved": "https://registry.npmjs.org/linkify-it/-/linkify-it-5.0.0.tgz",
      "integrity": "sha512-5aHCbzQRADcdP+ATqnDuhhJ/MRIqDkZX5pyjFHRRysS8vZ5AbqGEoFIb6pYHPZ+L/OC2Lc+xT8uHVVR5CAK/wQ==",
      "dev": true,
      "license": "MIT",
      "dependencies": {
        "uc.micro": "^2.0.0"
      }
    },
    "node_modules/markdown-it": {
      "version": "14.1.1",
      "resolved": "https://registry.npmjs.org/markdown-it/-/markdown-it-14.1.1.tgz",
      "integrity": "sha512-BuU2qnTti9YKgK5N+IeMubp14ZUKUUw7yeJbkjtosvHiP0AZ5c8IAgEMk79D0eC8F23r4Ac/q8cAIFdm2FtyoA==",
      "dev": true,
      "license": "MIT",
      "dependencies": {
        "argparse": "^2.0.1",
        "entities": "^4.4.0",
        "linkify-it": "^5.0.0",
        "mdurl": "^2.0.0",
        "punycode.js": "^2.3.1",
        "uc.micro": "^2.1.0"
      },
      "bin": {
        "markdown-it": "bin/markdown-it.mjs"
      }
    },
    "node_modules/markdown-it-abbr": {
      "version": "2.0.0",
      "resolved": "https://registry.npmjs.org/markdown-it-abbr/-/markdown-it-abbr-2.0.0.tgz",
      "integrity": "sha512-of7C8pXSjXjDojW4neNP+jD7inUYH/DO0Ca+K/4FUEccg0oHAEX/nfscw0jfz66PJbYWOAT9U8mjO21X5p6aAw==",
      "dev": true,
      "license": "MIT"
    },
    "node_modules/markdown-it-checkbox": {
      "version": "1.1.0",
      "resolved": "https://registry.npmjs.org/markdown-it-checkbox/-/markdown-it-checkbox-1.1.0.tgz",
      "integrity": "sha512-NkZVjnXo5G+cLNdi7DPZxICypBuxFE9F8sx3YGMZn+Cfizr8EZ/1TFUKl7ZnefF6cr1aFHbnQ5iA3rc4cp7EyA==",
      "dev": true,
      "license": "MIT",
      "dependencies": {
        "underscore": "^1.8.2"
      }
    },
    "node_modules/markdown-it-cjk-breaks": {
      "version": "2.0.0",
      "resolved": "https://registry.npmjs.org/markdown-it-cjk-breaks/-/markdown-it-cjk-breaks-2.0.0.tgz",
      "integrity": "sha512-hzgyuNzXuHoNJuPW+b4IXEtqaLeD4xNloqFVWG/wzT3O0npoDiwaEFY6JiglFjUh5//xvE0N21GU07NMxw4TiA==",
      "dev": true,
      "license": "MIT",
      "dependencies": {
        "get-east-asian-width": "^1.2.0"
      }
    },
    "node_modules/markdown-it-deflist": {
      "version": "3.0.0",
      "resolved": "https://registry.npmjs.org/markdown-it-deflist/-/markdown-it-deflist-3.0.0.tgz",
      "integrity": "sha512-OxPmQ/keJZwbubjiQWOvKLHwpV2wZ5I3Smc81OjhwbfJsjdRrvD5aLTQxmZzzePeO0kbGzAo3Krk4QLgA8PWLg==",
      "dev": true,
      "license": "MIT"
    },
    "node_modules/markdown-it-footnote": {
      "version": "4.0.0",
      "resolved": "https://registry.npmjs.org/markdown-it-footnote/-/markdown-it-footnote-4.0.0.tgz",
      "integrity": "sha512-WYJ7urf+khJYl3DqofQpYfEYkZKbmXmwxQV8c8mO/hGIhgZ1wOe7R4HLFNwqx7TjILbnC98fuyeSsin19JdFcQ==",
      "dev": true,
      "license": "MIT"
    },
    "node_modules/markdown-it-sub": {
      "version": "2.0.0",
      "resolved": "https://registry.npmjs.org/markdown-it-sub/-/markdown-it-sub-2.0.0.tgz",
      "integrity": "sha512-iCBKgwCkfQBRg2vApy9vx1C1Tu6D8XYo8NvevI3OlwzBRmiMtsJ2sXupBgEA7PPxiDwNni3qIUkhZ6j5wofDUA==",
      "dev": true,
      "license": "MIT"
    },
    "node_modules/markdown-it-sup": {
      "version": "2.0.0",
      "resolved": "https://registry.npmjs.org/markdown-it-sup/-/markdown-it-sup-2.0.0.tgz",
      "integrity": "sha512-5VgmdKlkBd8sgXuoDoxMpiU+BiEt3I49GItBzzw7Mxq9CxvnhE/k09HFli09zgfFDRixDQDfDxi0mgBCXtaTvA==",
      "dev": true,
      "license": "MIT"
    },
    "node_modules/mdurl": {
      "version": "2.0.0",
      "resolved": "https://registry.npmjs.org/mdurl/-/mdurl-2.0.0.tgz",
      "integrity": "sha512-Lf+9+2r+Tdp5wXDXC4PcIBjTDtq4UKjCPMQhKIuzpJNW0b96kVqSwW0bT7FhRSfmAiFYgP+SCRvdrDozfh0U5w==",
      "dev": true,
      "license": "MIT"
    },
    "node_modules/punycode.js": {
      "version": "2.3.1",
      "resolved": "https://registry.npmjs.org/punycode.js/-/punycode.js-2.3.1.tgz",
      "integrity": "sha512-uxFIHU0YlHYhDQtV4R9J6a52SLx28BCjT+4ieh7IGbgwVJWO+km431c4yRlREUAsAmt/uMjQUyQHNEPf0M39CA==",
      "dev": true,
      "license": "MIT",
      "engines": {
        "node": ">=6"
      }
    },
    "node_modules/uc.micro": {
      "version": "2.1.0",
      "resolved": "https://registry.npmjs.org/uc.micro/-/uc.micro-2.1.0.tgz",
      "integrity": "sha512-ARDJmphmdvUk6Glw7y9DQ2bFkKBHwQHLi2lsaH6PPmz/Ka9sFOBsBluozhDltWmnv9u/cF6Rt87znRTPV+yp/A==",
      "dev": true,
      "license": "MIT"
    },
    "node_modules/underscore": {
      "version": "1.13.8",
      "resolved": "https://registry.npmjs.org/underscore/-/underscore-1.13.8.tgz",
      "integrity": "sha512-DXtD3ZtEQzc7M8m4cXotyHR+FAS18C64asBYY5vqZexfYryNNnDc02W4hKg3rdQuqOYas1jkseX0+nZXjTXnvQ==",
      "dev": true,
      "license": "MIT"
    }
  }
}
